
Microsoft Visual Studio Solution File, Format Version 12.00
# Visual Studio Version 17
VisualStudioVersion = 17.0.32014.148
MinimumVisualStudioVersion = 10.0.40219.1
Project("{9A19103F-16F7-4668-BE54-9A1E7A4F7556}") = "LINQ_ElementAt", "LINQ_ElementAt\LINQ_ElementAt.csproj", "{EB8D1F2D-B4CB-4CF4-B371-CA0396943275}"
EndProject
Project("{9A19103F-16F7-4668-BE54-9A1E7A4F7556}") = "CS10_SealedToString", "CS10_SealedToString\CS10_SealedToString.csproj", "{2028BA7A-CF28-4128-9C84-8344D4047AE5}"
EndProject
Project("{FAE04EC0-301F-11D3-BF4B-00C04F79EFBC}") = "CS10_AssignAndDeconstruct", "CS10_AssignAndDeconstruct\CS10_AssignAndDeconstruct.csproj", "{F814B5E6-9600-469C-9395-09E10149962D}"
EndProject
Global
	GlobalSection(SolutionConfigurationPlatforms) = preSolution
		Debug|Any CPU = Debug|Any CPU
		Release|Any CPU = Release|Any CPU
	EndGlobalSection
	GlobalSection(ProjectConfigurationPlatforms) = postSolution
		{EB8D1F2D-B4CB-4CF4-B371-CA0396943275}.Debug|Any CPU.ActiveCfg = Debug|Any CPU
		{EB8D1F2D-B4CB-4CF4-B371-CA0396943275}.Debug|Any CPU.Build.0 = Debug|Any CPU
		{EB8D1F2D-B4CB-4CF4-B371-CA0396943275}.Release|Any CPU.ActiveCfg = Release|Any CPU
		{EB8D1F2D-B4CB-4CF4-B371-CA0396943275}.Release|Any CPU.Build.0 = Release|Any CPU
		{2028BA7A-CF28-4128-9C84-8344D4047AE5}.Debug|Any CPU.ActiveCfg = Debug|Any CPU
		{2028BA7A-CF28-4128-9C84-8344D4047AE5}.Debug|Any CPU.Build.0 = Debug|Any CPU
		{2028BA7A-CF28-4128-9C84-8344D4047AE5}.Release|Any CPU.ActiveCfg = Release|Any CPU
		{2028BA7A-CF28-4128-9C84-8344D4047AE5}.Release|Any CPU.Build.0 = Release|Any CPU
		{F814B5E6-9600-469C-9395-09E10149962D}.Debug|Any CPU.ActiveCfg = Debug|Any CPU
		{F814B5E6-9600-469C-9395-09E10149962D}.Debug|Any CPU.Build.0 = Debug|Any CPU
		{F814B5E6-9600-469C-9395-09E10149962D}.Release|Any CPU.ActiveCfg = Release|Any CPU
		{F814B5E6-9600-469C-9395-09E10149962D}.Release|Any CPU.Build.0 = Release|Any CPU
	EndGlobalSection
	GlobalSection(SolutionProperties) = preSolution
		HideSolutionNode = FALSE
	EndGlobalSection
	GlobalSection(ExtensibilityGlobals) = postSolution
		SolutionGuid = {079E4780-3021-42CA-95A2-9A058363A6AA}
	EndGlobalSection
EndGlobal
